// !$*UTF8*$!
{
	archiveVersion = 1;
	classes = {
	};
	objectVersion = 46;
	objects = {

/* Begin PBXBuildFile section */
		4DB4BD2A1B83A725008214E3 /* AppDelegate.swift in Sources */ = {isa = PBXBuildFile; fileRef = 4DB4BD291B83A725008214E3 /* AppDelegate.swift */; };
		4DB4BD2C1B83A725008214E3 /* ViewController.swift in Sources */ = {isa = PBXBuildFile; fileRef = 4DB4BD2B1B83A725008214E3 /* ViewController.swift */; };
		4DB4BD2F1B83A725008214E3 /* Main.storyboard in Resources */ = {isa = PBXBuildFile; fileRef = 4DB4BD2D1B83A725008214E3 /* Main.storyboard */; };
		4DB4BD311B83A725008214E3 /* Images.xcassets in Resources */ = {isa = PBXBuildFile; fileRef = 4DB4BD301B83A725008214E3 /* Images.xcassets */; };
		4DB4BD341B83A725008214E3 /* LaunchScreen.xib in Resources */ = {isa = PBXBuildFile; fileRef = 4DB4BD321B83A725008214E3 /* LaunchScreen.xib */; };
		4DB4BD401B83A725008214E3 /* TestingProjectTests.swift in Sources */ = {isa = PBXBuildFile; fileRef = 4DB4BD3F1B83A725008214E3 /* TestingProjectTests.swift */; };
/* End PBXBuildFile section */

/* Begin PBXContainerItemProxy section */
		4DB4BD3A1B83A725008214E3 /* PBXContainerItemProxy */ = {
			isa = PBXContainerItemProxy;
			containerPortal = 4DB4BD1C1B83A725008214E3 /* Project object */;
			proxyType = 1;
			remoteGlobalIDString = 4DB4BD231B83A725008214E3;
			remoteInfo = TestingProject;
		};
/* End PBXContainerItemProxy section */

/* Begin PBXFileReference section */
		4DB4BD241B83A725008214E3 /* TestingProject.app */ = {isa = PBXFileReference; explicitFileType = wrapper.application; includeInIndex = 0; path = TestingProject.app; sourceTree = BUILT_PRODUCTS_DIR; };
		4DB4BD281B83A725008214E3 /* Info.plist */ = {isa = PBXFileReference; lastKnownFileType = text.plist.xml; path = Info.plist; sourceTree = "<group>"; };
		4DB4BD291B83A725008214E3 /* AppDelegate.swift */ = {isa = PBXFileReference; lastKnownFileType = sourcecode.swift; path = AppDelegate.swift; sourceTree = "<group>"; };
		4DB4BD2B1B83A725008214E3 /* ViewController.swift */ = {isa = PBXFileReference; lastKnownFileType = sourcecode.swift; path = ViewController.swift; sourceTree = "<group>"; };
		4DB4BD2E1B83A725008214E3 /* Base */ = {isa = PBXFileReference; lastKnownFileType = file.storyboard; name = Base; path = Base.lproj/Main.storyboard; sourceTree = "<group>"; };
		4DB4BD301B83A725008214E3 /* Images.xcassets */ = {isa = PBXFileReference; lastKnownFileType = folder.assetcatalog; path = Images.xcassets; sourceTree = "<group>"; };
		4DB4BD331B83A725008214E3 /* Base */ = {isa = PBXFileReference; lastKnownFileType = file.xib; name = Base; path = Base.lproj/LaunchScreen.xib; sourceTree = "<group>"; };
		4DB4BD391B83A725008214E3 /* TestingProjectTests.xctest */ = {isa = PBXFileReference; explicitFileType = wrapper.cfbundle; includeInIndex = 0; path = TestingProjectTests.xctest; sourceTree = BUILT_PRODUCTS_DIR; };
		4DB4BD3E1B83A725008214E3 /* Info.plist */ = {isa = PBXFileReference; lastKnownFileType = text.plist.xml; path = Info.plist; sourceTree = "<group>"; };
		4DB4BD3F1B83A725008214E3 /* TestingProjectTests.swift */ = {isa = PBXFileReference; lastKnownFileType = sourcecode.swift; path = TestingProjectTests.swift; sourceTree = "<group>"; };
/* End PBXFileReference section */

/* Begin PBXFrameworksBuildPhase section */
		4DB4BD211B83A725008214E3 /* Frameworks */ = {
			isa = PBXFrameworksBuildPhase;
			buildActionMask = 2147483647;
			files = (
			);
			runOnlyForDeploymentPostprocessing = 0;
		};
		4DB4BD361B83A725008214E3 /* Frameworks */ = {
			isa = PBXFrameworksBuildPhase;
			buildActionMask = 2147483647;
			files = (
			);
			runOnlyForDeploymentPostprocessing = 0;
		};
/* End PBXFrameworksBuildPhase section */

/* Begin PBXGroup section */
		4DB4BD1B1B83A725008214E3 = {
			isa = PBXGroup;
			children = (
				4DB4BD261B83A725008214E3 /* TestingProject */,
				4DB4BD3C1B83A725008214E3 /* TestingProjectTests */,
				4DB4BD251B83A725008214E3 /* Products */,
			);
			sourceTree = "<group>";
		};
		4DB4BD251B83A725008214E3 /* Products */ = {
			isa = PBXGroup;
			children = (
				4DB4BD241B83A725008214E3 /* TestingProject.app */,
				4DB4BD391B83A725008214E3 /* TestingProjectTests.xctest */,
			);
			name = Products;
			sourceTree = "<group>";
		};
		4DB4BD261B83A725008214E3 /* TestingProject */ = {
			isa = PBXGroup;
			children = (
				4DB4BD291B83A725008214E3 /* AppDelegate.swift */,
				4DB4BD2B1B83A725008214E3 /* ViewController.swift */,
				4DB4BD2D1B83A725008214E3 /* Main.storyboard */,
				4DB4BD301B83A725008214E3 /* Images.xcassets */,
				4DB4BD321B83A725008214E3 /* LaunchScreen.xib */,
				4DB4BD271B83A725008214E3 /* Supporting Files */,
			);
			path = TestingProject;
			sourceTree = "<group>";
		};
		4DB4BD271B83A725008214E3 /* Supporting Files */ = {
			isa = PBXGroup;
			children = (
				4DB4BD281B83A725008214E3 /* Info.plist */,
			);
			name = "Supporting Files";
			sourceTree = "<group>";
		};
		4DB4BD3C1B83A725008214E3 /* TestingProjectTests */ = {
			isa = PBXGroup;
			children = (
				4DB4BD3F1B83A725008214E3 /* TestingProjectTests.swift */,
				4DB4BD3D1B83A725008214E3 /* Supporting Files */,
			);
			path = TestingProjectTests;
			sourceTree = "<group>";
		};
		4DB4BD3D1B83A725008214E3 /* Supporting Files */ = {
			isa = PBXGroup;
			children = (
				4DB4BD3E1B83A725008214E3 /* Info.plist */,
			);
			name = "Supporting Files";
			sourceTree = "<group>";
		};
/* End PBXGroup section */

/* Begin PBXNativeTarget section */
		4DB4BD231B83A725008214E3 /* TestingProject */ = {
			isa = PBXNativeTarget;
			buildConfigurationList = 4DB4BD431B83A725008214E3 /* Build configuration list for PBXNativeTarget "TestingProject" */;
			buildPhases = (
				4DB4BD201B83A725008214E3 /* Sources */,
				4DB4BD211B83A725008214E3 /* Frameworks */,
				4DB4BD221B83A725008214E3 /* Resources */,
			);
			buildRules = (
			);
			dependencies = (
			);
			name = TestingProject;
			productName = TestingProject;
			productReference = 4DB4BD241B83A725008214E3 /* TestingProject.app */;
			productType = "com.apple.product-type.application";
		};
		4DB4BD381B83A725008214E3 /* TestingProjectTests */ = {
			isa = PBXNativeTarget;
			buildConfigurationList = 4DB4BD461B83A725008214E3 /* Build configuration list for PBXNativeTarget "TestingProjectTests" */;
			buildPhases = (
				4DB4BD351B83A725008214E3 /* Sources */,
				4DB4BD361B83A725008214E3 /* Frameworks */,
				4DB4BD371B83A725008214E3 /* Resources */,
			);
			buildRules = (
			);
			dependencies = (
				4DB4BD3B1B83A725008214E3 /* PBXTargetDependency */,
			);
			name = TestingProjectTests;
			productName = TestingProjectTests;
			productReference = 4DB4BD391B83A725008214E3 /* TestingProjectTests.xctest */;
			productType = "com.apple.product-type.bundle.unit-test";
		};
/* End PBXNativeTarget section */

/* Begin PBXProject section */
		4DB4BD1C1B83A725008214E3 /* Project object */ = {
			isa = PBXProject;
			attributes = {
				LastUpgradeCheck = 0640;
				ORGANIZATIONNAME = Usama;
				TargetAttributes = {
					4DB4BD231B83A725008214E3 = {
						CreatedOnToolsVersion = 6.4;
					};
					4DB4BD381B83A725008214E3 = {
						CreatedOnToolsVersion = 6.4;
						TestTargetID = 4DB4BD231B83A725008214E3;
					};
				};
			};
			buildConfigurationList = 4DB4BD1F1B83A725008214E3 /* Build configuration list for PBXProject "TestingProject" */;
			compatibilityVersion = "Xcode 3.2";
			developmentRegion = English;
			hasScannedForEncodings = 0;
			knownRegions = (
				en,
				Base,
			);
			mainGroup = 4DB4BD1B1B83A725008214E3;
			productRefGroup = 4DB4BD251B83A725008214E3 /* Products */;
			projectDirPath = "";
			projectRoot = "";
			targets = (
				4DB4BD231B83A725008214E3 /* TestingProject */,
				4DB4BD381B83A725008214E3 /* TestingProjectTests */,
			);
		};
/* End PBXProject section */

/* Begin PBXResourcesBuildPhase section */
		4DB4BD221B83A725008214E3 /* Resources */ = {
			isa = PBXResourcesBuildPhase;
			buildActionMask = 2147483647;
			files = (
				4DB4BD2F1B83A725008214E3 /* Main.storyboard in Resources */,
				4DB4BD341B83A725008214E3 /* LaunchScreen.xib in Resources */,
				4DB4BD311B83A725008214E3 /* Images.xcassets in Resources */,
			);
			runOnlyForDeploymentPostprocessing = 0;
		};
		4DB4BD371B83A725008214E3 /* Resources */ = {
			isa = PBXResourcesBuildPhase;
			buildActionMask = 2147483647;
			files = (
			);
			runOnlyForDeploymentPostprocessing = 0;
		};
/* End PBXResourcesBuildPhase section */

/* Begin PBXSourcesBuildPhase section */
		4DB4BD201B83A725008214E3 /* Sources */ = {
			isa = PBXSourcesBuildPhase;
			buildActionMask = 2147483647;
			files = (
				4DB4BD2C1B83A725008214E3 /* ViewController.swift in Sources */,
				4DB4BD2A1B83A725008214E3 /* AppDelegate.swift in Sources */,
			);
			runOnlyForDeploymentPostprocessing = 0;
		};
		4DB4BD351B83A725008214E3 /* Sources */ = {
			isa = PBXSourcesBuildPhase;
			buildActionMask = 2147483647;
			files = (
				4DB4BD401B83A725008214E3 /* TestingProjectTests.swift in Sources */,
			);
			runOnlyForDeploymentPostprocessing = 0;
		};
/* End PBXSourcesBuildPhase section */

/* Begin PBXTargetDependency section */
		4DB4BD3B1B83A725008214E3 /* PBXTargetDependency */ = {
			isa = PBXTargetDependency;
			target = 4DB4BD231B83A725008214E3 /* TestingProject */;
			targetProxy = 4DB4BD3A1B83A725008214E3 /* PBXContainerItemProxy */;
		};
/* End PBXTargetDependency section */

/* Begin PBXVariantGroup section */
		4DB4BD2D1B83A725008214E3 /* Main.storyboard */ = {
			isa = PBXVariantGroup;
			children = (
				4DB4BD2E1B83A725008214E3 /* Base */,
			);
			name = Main.storyboard;
			sourceTree = "<group>";
		};
		4DB4BD321B83A725008214E3 /* LaunchScreen.xib */ = {
			isa = PBXVariantGroup;
			children = (
				4DB4BD331B83A725008214E3 /* Base */,
			);
			name = LaunchScreen.xib;
			sourceTree = "<group>";
		};
/* End PBXVariantGroup section */

/* Begin XCBuildConfiguration section */
		4DB4BD411B83A725008214E3 /* Debug */ = {
			isa = XCBuildConfiguration;
			buildSettings = {
				ALWAYS_SEARCH_USER_PATHS = NO;
				CLANG_CXX_LANGUAGE_STANDARD = "gnu++0x";
				CLANG_CXX_LIBRARY = "libc++";
				CLANG_ENABLE_MODULES = YES;
				CLANG_ENABLE_OBJC_ARC = YES;
				CLANG_WARN_BOOL_CONVERSION = YES;
				CLANG_WARN_CONSTANT_CONVERSION = YES;
				CLANG_WARN_DIRECT_OBJC_ISA_USAGE = YES_ERROR;
				CLANG_WARN_EMPTY_BODY = YES;
				CLANG_WARN_ENUM_CONVERSION = YES;
				CLANG_WARN_INT_CONVERSION = YES;
				CLANG_WARN_OBJC_ROOT_CLASS = YES_ERROR;
				CLANG_WARN_UNREACHABLE_CODE = YES;
				CLANG_WARN__DUPLICATE_METHOD_MATCH = YES;
				"CODE_SIGN_IDENTITY[sdk=iphoneos*]" = "iPhone Developer";
				COPY_PHASE_STRIP = NO;
				DEBUG_INFORMATION_FORMAT = "dwarf-with-dsym";
				ENABLE_STRICT_OBJC_MSGSEND = YES;
				GCC_C_LANGUAGE_STANDARD = gnu99;
				GCC_DYNAMIC_NO_PIC = NO;
				GCC_NO_COMMON_BLOCKS = YES;
				GCC_OPTIMIZATION_LEVEL = 0;
				GCC_PREPROCESSOR_DEFINITIONS = (
					"DEBUG=1",
					"$(inherited)",
				);
				GCC_SYMBOLS_PRIVATE_EXTERN = NO;
				GCC_WARN_64_TO_32_BIT_CONVERSION = YES;
				GCC_WARN_ABOUT_RETURN_TYPE = YES_ERROR;
				GCC_WARN_UNDECLARED_SELECTOR = YES;
				GCC_WARN_UNINITIALIZED_AUTOS = YES_AGGRESSIVE;
				GCC_WARN_UNUSED_FUNCTION = YES;
				GCC_WARN_UNUSED_VARIABLE = YES;
				IPHONEOS_DEPLOYMENT_TARGET = 8.4;
				MTL_ENABLE_DEBUG_INFO = YES;
				ONLY_ACTIVE_ARCH = YES;
				SDKROOT = iphoneos;
				SWIFT_OPTIMIZATION_LEVEL = "-Onone";
				TARGETED_DEVICE_FAMILY = "1,2";
			};
			name = Debug;
		};
		4DB4BD421B83A725008214E3 /* Release */ = {
			isa = XCBuildConfiguration;
			buildSettings = {
				ALWAYS_SEARCH_USER_PATHS = NO;
				CLANG_CXX_LANGUAGE_STANDARD = "gnu++0x";
				CLANG_CXX_LIBRARY = "libc++";
				CLANG_ENABLE_MODULES = YES;
				CLANG_ENABLE_OBJC_ARC = YES;
				CLANG_WARN_BOOL_CONVERSION = YES;
				CLANG_WARN_CONSTANT_CONVERSION = YES;
				CLANG_WARN_DIRECT_OBJC_ISA_USAGE = YES_ERROR;
				CLANG_WARN_EMPTY_BODY = YES;
				CLANG_WARN_ENUM_CONVERSION = YES;
				CLANG_WARN_INT_CONVERSION = YES;
				CLANG_WARN_OBJC_ROOT_CLASS = YES_ERROR;
				CLANG_WARN_UNREACHABLE_CODE = YES;
				CLANG_WARN__DUPLICATE_METHOD_MATCH = YES;
				"CODE_SIGN_IDENTITY[sdk=iphoneos*]" = "iPhone Developer";
				COPY_PHASE_STRIP = NO;
				DEBUG_INFORMATION_FORMAT = "dwarf-with-dsym";
				ENABLE_NS_ASSERTIONS = NO;
				ENABLE_STRICT_OBJC_MSGSEND = YES;
				GCC_C_LANGUAGE_STANDARD = gnu99;
				GCC_NO_COMMON_BLOCKS = YES;
				GCC_WARN_64_TO_32_BIT_CONVERSION = YES;
				GCC_WARN_ABOUT_RETURN_TYPE = YES_ERROR;
				GCC_WARN_UNDECLARED_SELECTOR = YES;
				GCC_WARN_UNINITIALIZED_AUTOS = YES_AGGRESSIVE;
				GCC_WARN_UNUSED_FUNCTION = YES;
				GCC_WARN_UNUSED_VARIABLE = YES;
				IPHONEOS_DEPLOYMENT_TARGET = 8.4;
				MTL_ENABLE_DEBUG_INFO = NO;
				SDKROOT = iphoneos;
				TARGETED_DEVICE_FAMILY = "1,2";
				VALIDATE_PRODUCT = YES;
			};
			name = Release;
		};
		4DB4BD441B83A725008214E3 /* Debug */ = {
			isa = XCBuildConfiguration;
			buildSettings = {
				ASSETCATALOG_COMPILER_APPICON_NAME = AppIcon;
				INFOPLIST_FILE = TestingProject/Info.plist;
				IPHONEOS_DEPLOYMENT_TARGET = 8.0;
				LD_RUNPATH_SEARCH_PATHS = "$(inherited) @executable_path/Frameworks";
				PRODUCT_NAME = "$(TARGET_NAME)";
			};
			name = Debug;
		};
		4DB4BD451B83A725008214E3 /* Release */ = {
			isa = XCBuildConfiguration;
			buildSettings = {
				ASSETCATALOG_COMPILER_APPICON_NAME = AppIcon;
				INFOPLIST_FILE = TestingProject/Info.plist;
				IPHONEOS_DEPLOYMENT_TARGET = 8.0;
				LD_RUNPATH_SEARCH_PATHS = "$(inherited) @executable_path/Frameworks";
				PRODUCT_NAME = "$(TARGET_NAME)";
			};
			name = Release;
		};
		4DB4BD471B83A725008214E3 /* Debug */ = {
			isa = XCBuildConfiguration;
			buildSettings = {
				BUNDLE_LOADER = "$(TEST_HOST)";
				FRAMEWORK_SEARCH_PATHS = (
					"$(SDKROOT)/Developer/Library/Frameworks",
					"$(inherited)",
				);
				GCC_PREPROCESSOR_DEFINITIONS = (
					"DEBUG=1",
					"$(inherited)",
				);
				INFOPLIST_FILE = TestingProjectTests/Info.plist;
				LD_RUNPATH_SEARCH_PATHS = "$(inherited) @executable_path/Frameworks @loader_path/Frameworks";
				PRODUCT_NAME = "$(TARGET_NAME)";
				TEST_HOST = "$(BUILT_PRODUCTS_DIR)/TestingProject.app/TestingProject";
			};
			name = Debug;
		};
		4DB4BD481B83A725008214E3 /* Release */ = {
			isa = XCBuildConfiguration;
			buildSettings = {
				BUNDLE_LOADER = "$(TEST_HOST)";
				FRAMEWORK_SEARCH_PATHS = (
					"$(SDKROOT)/Developer/Library/Frameworks",
					"$(inherited)",
				);
				INFOPLIST_FILE = TestingProjectTests/Info.plist;
				LD_RUNPATH_SEARCH_PATHS = "$(inherited) @executable_path/Frameworks @loader_path/Frameworks";
				PRODUCT_NAME = "$(TARGET_NAME)";
				TEST_HOST = "$(BUILT_PRODUCTS_DIR)/TestingProject.app/TestingProject";
			};
			name = Release;
		};
/* End XCBuildConfiguration section */

/* Begin XCConfigurationList section */
		4DB4BD1F1B83A725008214E3 /* Build configuration list for PBXProject "TestingProject" */ = {
			isa = XCConfigurationList;
			buildConfigurations = (
				4DB4BD411B83A725008214E3 /* Debug */,
				4DB4BD421B83A725008214E3 /* Release */,
			);
			defaultConfigurationIsVisible = 0;
			defaultConfigurationName = Release;
		};
		4DB4BD431B83A725008214E3 /* Build configuration list for PBXNativeTarget "TestingProject" */ = {
			isa = XCConfigurationList;
			buildConfigurations = (
				4DB4BD441B83A725008214E3 /* Debug */,
				4DB4BD451B83A725008214E3 /* Release */,
			);
			defaultConfigurationIsVisible = 0;
			defaultConfigurationName = Release;
		};
		4DB4BD461B83A725008214E3 /* Build configuration list for PBXNativeTarget "TestingProjectTests" */ = {
			isa = XCConfigurationList;
			buildConfigurations = (
				4DB4BD471B83A725008214E3 /* Debug */,
				4DB4BD481B83A725008214E3 /* Release */,
			);
			defaultConfigurationIsVisible = 0;
			defaultConfigurationName = Release;
		};
/* End XCConfigurationList section */
	};
	rootObject = 4DB4BD1C1B83A725008214E3 /* Project object */;
}
